{
  "pins" : [
    {
      "identity" : "circularbuffer",
      "kind" : "remoteSourceControl",
      "location" : "https://github.com/otabuzzman/CircularBuffer.git",
      "state" : {
        "revision" : "74501d07ba9e9c679e62525817477b62c83e227f",
        "version" : "1.0.2"
      }
    },
    {
      "identity" : "glob",
      "kind" : "remoteSourceControl",
      "location" : "https://github.com/Bouke/Glob.git",
      "state" : {
        "revision" : "deda6e163d2ff2a8d7e138e2c3326dbd71157faf",
        "version" : "1.0.5"
      }
    },
    {
      "identity" : "llm.swift",
      "kind" : "remoteSourceControl",
      "location" : "https://github.com/otabuzzman/llm.swift.git",
      "state" : {
        "revision" : "51490194620398e4b81b30bd67581a54fe8e95d7",
        "version" : "1.2.12"
      }
    }
  ],
  "version" : 2
}
